
Microsoft Visual Studio Solution File, Format Version 12.00
# Visual Studio 14
VisualStudioVersion = 14.0.25420.1
MinimumVisualStudioVersion = 10.0.40219.1
Project("{FAE04EC0-301F-11D3-BF4B-00C04F79EFBC}") = "BeerCalculator.WebApplication", "BeerCalculatorWebApplication\BeerCalculator.WebApplication.csproj", "{D956834D-9012-47DF-A371-F279EBA904CF}"
EndProject
Project("{FAE04EC0-301F-11D3-BF4B-00C04F79EFBC}") = "BeerCalculator.Service", "BeerCalculatorService\BeerCalculator.Service.csproj", "{23662DE4-816E-442D-901F-3C9F5671DE15}"
EndProject
Project("{FAE04EC0-301F-11D3-BF4B-00C04F79EFBC}") = "BeerCalculator.DataAccessLayer", "DataAccessLayer\BeerCalculator.DataAccessLayer.csproj", "{4EF85CD9-95DB-4EC8-BB09-CDFA42C03CAE}"
EndProject
Project("{FAE04EC0-301F-11D3-BF4B-00C04F79EFBC}") = "BeerCalculator.Common", "Common\BeerCalculator.Common.csproj", "{C141E34B-83AB-46AB-8522-C01022163753}"
EndProject
Project("{FAE04EC0-301F-11D3-BF4B-00C04F79EFBC}") = "BeerCalculator.Tests", "BeerCalculatorTests\BeerCalculator.Tests.csproj", "{4B6D8805-C557-4486-8545-DCFCD5493191}"
EndProject
Project("{FAE04EC0-301F-11D3-BF4B-00C04F79EFBC}") = "BeerCalculator.Calculators", "BeerCalculator.Calculators\BeerCalculator.Calculators.csproj", "{FA7D552C-38C1-4EDE-9B87-052189F7C469}"
EndProject
Global
	GlobalSection(SolutionConfigurationPlatforms) = preSolution
		Debug|Any CPU = Debug|Any CPU
		Release|Any CPU = Release|Any CPU
		Test|Any CPU = Test|Any CPU
	EndGlobalSection
	GlobalSection(ProjectConfigurationPlatforms) = postSolution
		{D956834D-9012-47DF-A371-F279EBA904CF}.Debug|Any CPU.ActiveCfg = Debug|Any CPU
		{D956834D-9012-47DF-A371-F279EBA904CF}.Debug|Any CPU.Build.0 = Debug|Any CPU
		{D956834D-9012-47DF-A371-F279EBA904CF}.Release|Any CPU.ActiveCfg = Release|Any CPU
		{D956834D-9012-47DF-A371-F279EBA904CF}.Release|Any CPU.Build.0 = Release|Any CPU
		{D956834D-9012-47DF-A371-F279EBA904CF}.Test|Any CPU.ActiveCfg = Test|Any CPU
		{D956834D-9012-47DF-A371-F279EBA904CF}.Test|Any CPU.Build.0 = Test|Any CPU
		{23662DE4-816E-442D-901F-3C9F5671DE15}.Debug|Any CPU.ActiveCfg = Debug|Any CPU
		{23662DE4-816E-442D-901F-3C9F5671DE15}.Debug|Any CPU.Build.0 = Debug|Any CPU
		{23662DE4-816E-442D-901F-3C9F5671DE15}.Release|Any CPU.ActiveCfg = Release|Any CPU
		{23662DE4-816E-442D-901F-3C9F5671DE15}.Release|Any CPU.Build.0 = Release|Any CPU
		{23662DE4-816E-442D-901F-3C9F5671DE15}.Test|Any CPU.ActiveCfg = Test|Any CPU
		{23662DE4-816E-442D-901F-3C9F5671DE15}.Test|Any CPU.Build.0 = Test|Any CPU
		{4EF85CD9-95DB-4EC8-BB09-CDFA42C03CAE}.Debug|Any CPU.ActiveCfg = Debug|Any CPU
		{4EF85CD9-95DB-4EC8-BB09-CDFA42C03CAE}.Debug|Any CPU.Build.0 = Debug|Any CPU
		{4EF85CD9-95DB-4EC8-BB09-CDFA42C03CAE}.Release|Any CPU.ActiveCfg = Release|Any CPU
		{4EF85CD9-95DB-4EC8-BB09-CDFA42C03CAE}.Release|Any CPU.Build.0 = Release|Any CPU
		{4EF85CD9-95DB-4EC8-BB09-CDFA42C03CAE}.Test|Any CPU.ActiveCfg = Test|Any CPU
		{4EF85CD9-95DB-4EC8-BB09-CDFA42C03CAE}.Test|Any CPU.Build.0 = Test|Any CPU
		{C141E34B-83AB-46AB-8522-C01022163753}.Debug|Any CPU.ActiveCfg = Debug|Any CPU
		{C141E34B-83AB-46AB-8522-C01022163753}.Debug|Any CPU.Build.0 = Debug|Any CPU
		{C141E34B-83AB-46AB-8522-C01022163753}.Release|Any CPU.ActiveCfg = Release|Any CPU
		{C141E34B-83AB-46AB-8522-C01022163753}.Release|Any CPU.Build.0 = Release|Any CPU
		{C141E34B-83AB-46AB-8522-C01022163753}.Test|Any CPU.ActiveCfg = Test|Any CPU
		{C141E34B-83AB-46AB-8522-C01022163753}.Test|Any CPU.Build.0 = Test|Any CPU
		{4B6D8805-C557-4486-8545-DCFCD5493191}.Debug|Any CPU.ActiveCfg = Debug|Any CPU
		{4B6D8805-C557-4486-8545-DCFCD5493191}.Debug|Any CPU.Build.0 = Debug|Any CPU
		{4B6D8805-C557-4486-8545-DCFCD5493191}.Release|Any CPU.ActiveCfg = Release|Any CPU
		{4B6D8805-C557-4486-8545-DCFCD5493191}.Release|Any CPU.Build.0 = Release|Any CPU
		{4B6D8805-C557-4486-8545-DCFCD5493191}.Test|Any CPU.ActiveCfg = Release|Any CPU
		{4B6D8805-C557-4486-8545-DCFCD5493191}.Test|Any CPU.Build.0 = Release|Any CPU
		{FA7D552C-38C1-4EDE-9B87-052189F7C469}.Debug|Any CPU.ActiveCfg = Debug|Any CPU
		{FA7D552C-38C1-4EDE-9B87-052189F7C469}.Debug|Any CPU.Build.0 = Debug|Any CPU
		{FA7D552C-38C1-4EDE-9B87-052189F7C469}.Release|Any CPU.ActiveCfg = Release|Any CPU
		{FA7D552C-38C1-4EDE-9B87-052189F7C469}.Release|Any CPU.Build.0 = Release|Any CPU
		{FA7D552C-38C1-4EDE-9B87-052189F7C469}.Test|Any CPU.ActiveCfg = Release|Any CPU
		{FA7D552C-38C1-4EDE-9B87-052189F7C469}.Test|Any CPU.Build.0 = Release|Any CPU
	EndGlobalSection
	GlobalSection(SolutionProperties) = preSolution
		HideSolutionNode = FALSE
	EndGlobalSection
EndGlobal
