
Microsoft Visual Studio Solution File, Format Version 12.00
# Visual Studio 14
VisualStudioVersion = 14.0.25420.1
MinimumVisualStudioVersion = 10.0.40219.1
Project("{FAE04EC0-301F-11D3-BF4B-00C04F79EFBC}") = "BeerCalculatorWebApplication", "BeerCalculatorWebApplication\BeerCalculatorWebApplication.csproj", "{D956834D-9012-47DF-A371-F279EBA904CF}"
EndProject
Project("{FAE04EC0-301F-11D3-BF4B-00C04F79EFBC}") = "BeerCalculatorService", "BeerCalculatorService\BeerCalculatorService.csproj", "{23662DE4-816E-442D-901F-3C9F5671DE15}"
EndProject
Project("{FAE04EC0-301F-11D3-BF4B-00C04F79EFBC}") = "DataAccessLayer", "DataAccessLayer\DataAccessLayer.csproj", "{4EF85CD9-95DB-4EC8-BB09-CDFA42C03CAE}"
EndProject
Project("{FAE04EC0-301F-11D3-BF4B-00C04F79EFBC}") = "BeerCalculator.TestApp", "ConsoleApplication1\BeerCalculator.TestApp.csproj", "{1240724A-7400-422B-8224-C2F7EBF6DAF4}"
EndProject
Project("{FAE04EC0-301F-11D3-BF4B-00C04F79EFBC}") = "Common", "Common\Common.csproj", "{C141E34B-83AB-46AB-8522-C01022163753}"
EndProject
Global
	GlobalSection(SolutionConfigurationPlatforms) = preSolution
		Debug|Any CPU = Debug|Any CPU
		Release|Any CPU = Release|Any CPU
	EndGlobalSection
	GlobalSection(ProjectConfigurationPlatforms) = postSolution
		{D956834D-9012-47DF-A371-F279EBA904CF}.Debug|Any CPU.ActiveCfg = Debug|Any CPU
		{D956834D-9012-47DF-A371-F279EBA904CF}.Debug|Any CPU.Build.0 = Debug|Any CPU
		{D956834D-9012-47DF-A371-F279EBA904CF}.Release|Any CPU.ActiveCfg = Release|Any CPU
		{D956834D-9012-47DF-A371-F279EBA904CF}.Release|Any CPU.Build.0 = Release|Any CPU
		{23662DE4-816E-442D-901F-3C9F5671DE15}.Debug|Any CPU.ActiveCfg = Debug|Any CPU
		{23662DE4-816E-442D-901F-3C9F5671DE15}.Debug|Any CPU.Build.0 = Debug|Any CPU
		{23662DE4-816E-442D-901F-3C9F5671DE15}.Release|Any CPU.ActiveCfg = Release|Any CPU
		{23662DE4-816E-442D-901F-3C9F5671DE15}.Release|Any CPU.Build.0 = Release|Any CPU
		{4EF85CD9-95DB-4EC8-BB09-CDFA42C03CAE}.Debug|Any CPU.ActiveCfg = Debug|Any CPU
		{4EF85CD9-95DB-4EC8-BB09-CDFA42C03CAE}.Debug|Any CPU.Build.0 = Debug|Any CPU
		{4EF85CD9-95DB-4EC8-BB09-CDFA42C03CAE}.Release|Any CPU.ActiveCfg = Release|Any CPU
		{4EF85CD9-95DB-4EC8-BB09-CDFA42C03CAE}.Release|Any CPU.Build.0 = Release|Any CPU
		{1240724A-7400-422B-8224-C2F7EBF6DAF4}.Debug|Any CPU.ActiveCfg = Debug|Any CPU
		{1240724A-7400-422B-8224-C2F7EBF6DAF4}.Debug|Any CPU.Build.0 = Debug|Any CPU
		{1240724A-7400-422B-8224-C2F7EBF6DAF4}.Release|Any CPU.ActiveCfg = Release|Any CPU
		{1240724A-7400-422B-8224-C2F7EBF6DAF4}.Release|Any CPU.Build.0 = Release|Any CPU
		{C141E34B-83AB-46AB-8522-C01022163753}.Debug|Any CPU.ActiveCfg = Debug|Any CPU
		{C141E34B-83AB-46AB-8522-C01022163753}.Debug|Any CPU.Build.0 = Debug|Any CPU
		{C141E34B-83AB-46AB-8522-C01022163753}.Release|Any CPU.ActiveCfg = Release|Any CPU
		{C141E34B-83AB-46AB-8522-C01022163753}.Release|Any CPU.Build.0 = Release|Any CPU
	EndGlobalSection
	GlobalSection(SolutionProperties) = preSolution
		HideSolutionNode = FALSE
	EndGlobalSection
EndGlobal
